
Microsoft Visual Studio Solution File, Format Version 12.00
# Visual Studio 15
VisualStudioVersion = 15.0.27703.2042
MinimumVisualStudioVersion = 10.0.40219.1
Project("{FAE04EC0-301F-11D3-BF4B-00C04F79EFBC}") = "Sample.Infrastructure", "Sample.Infrastructure\Sample.Infrastructure.csproj", "{3CDF2A00-0BBD-49FE-8385-A9FD4E67E68E}"
EndProject
Project("{FAE04EC0-301F-11D3-BF4B-00C04F79EFBC}") = "Sample.Domain", "Sample.Domain\Sample.Domain.csproj", "{4FFAB683-3248-4442-B778-6106E19B1824}"
EndProject
Project("{FAE04EC0-301F-11D3-BF4B-00C04F79EFBC}") = "Sample.API", "Sample.API\Sample.API.csproj", "{59C9B008-2AF7-454C-9409-90C316C3DA0F}"
EndProject
Global
	GlobalSection(SolutionConfigurationPlatforms) = preSolution
		Debug|Any CPU = Debug|Any CPU
		Release|Any CPU = Release|Any CPU
	EndGlobalSection
	GlobalSection(ProjectConfigurationPlatforms) = postSolution
		{3CDF2A00-0BBD-49FE-8385-A9FD4E67E68E}.Debug|Any CPU.ActiveCfg = Debug|Any CPU
		{3CDF2A00-0BBD-49FE-8385-A9FD4E67E68E}.Debug|Any CPU.Build.0 = Debug|Any CPU
		{3CDF2A00-0BBD-49FE-8385-A9FD4E67E68E}.Release|Any CPU.ActiveCfg = Release|Any CPU
		{3CDF2A00-0BBD-49FE-8385-A9FD4E67E68E}.Release|Any CPU.Build.0 = Release|Any CPU
		{4FFAB683-3248-4442-B778-6106E19B1824}.Debug|Any CPU.ActiveCfg = Debug|Any CPU
		{4FFAB683-3248-4442-B778-6106E19B1824}.Debug|Any CPU.Build.0 = Debug|Any CPU
		{4FFAB683-3248-4442-B778-6106E19B1824}.Release|Any CPU.ActiveCfg = Release|Any CPU
		{4FFAB683-3248-4442-B778-6106E19B1824}.Release|Any CPU.Build.0 = Release|Any CPU
		{59C9B008-2AF7-454C-9409-90C316C3DA0F}.Debug|Any CPU.ActiveCfg = Debug|Any CPU
		{59C9B008-2AF7-454C-9409-90C316C3DA0F}.Debug|Any CPU.Build.0 = Debug|Any CPU
		{59C9B008-2AF7-454C-9409-90C316C3DA0F}.Release|Any CPU.ActiveCfg = Release|Any CPU
		{59C9B008-2AF7-454C-9409-90C316C3DA0F}.Release|Any CPU.Build.0 = Release|Any CPU
	EndGlobalSection
	GlobalSection(SolutionProperties) = preSolution
		HideSolutionNode = FALSE
	EndGlobalSection
	GlobalSection(ExtensibilityGlobals) = postSolution
		SolutionGuid = {ADA80BE9-545F-4C3B-8501-85D5BACB2C0D}
	EndGlobalSection
EndGlobal
